// !$*UTF8*$!
{
	archiveVersion = 1;
	classes = {
	};
	objectVersion = 46;
	objects = {

/* Begin PBXBuildFile section */
		8401816518DE8D5D0067A902 /* Foundation.framework in Frameworks */ = {isa = PBXBuildFile; fileRef = 8401816418DE8D5D0067A902 /* Foundation.framework */; };
		8401816718DE8D5D0067A902 /* CoreGraphics.framework in Frameworks */ = {isa = PBXBuildFile; fileRef = 8401816618DE8D5D0067A902 /* CoreGraphics.framework */; };
		8401816918DE8D5D0067A902 /* UIKit.framework in Frameworks */ = {isa = PBXBuildFile; fileRef = 8401816818DE8D5D0067A902 /* UIKit.framework */; };
		8401816F18DE8D5D0067A902 /* InfoPlist.strings in Resources */ = {isa = PBXBuildFile; fileRef = 8401816D18DE8D5D0067A902 /* InfoPlist.strings */; };
		8401817118DE8D5D0067A902 /* main.m in Sources */ = {isa = PBXBuildFile; fileRef = 8401817018DE8D5D0067A902 /* main.m */; };
		8401817518DE8D5D0067A902 /* AppDelegate.m in Sources */ = {isa = PBXBuildFile; fileRef = 8401817418DE8D5D0067A902 /* AppDelegate.m */; };
		8401817818DE8D5D0067A902 /* Main.storyboard in Resources */ = {isa = PBXBuildFile; fileRef = 8401817618DE8D5D0067A902 /* Main.storyboard */; };
		8401817B18DE8D5D0067A902 /* ViewController.m in Sources */ = {isa = PBXBuildFile; fileRef = 8401817A18DE8D5D0067A902 /* ViewController.m */; };
		8401817D18DE8D5D0067A902 /* Images.xcassets in Resources */ = {isa = PBXBuildFile; fileRef = 8401817C18DE8D5D0067A902 /* Images.xcassets */; };
		8401818418DE8D5D0067A902 /* XCTest.framework in Frameworks */ = {isa = PBXBuildFile; fileRef = 8401818318DE8D5D0067A902 /* XCTest.framework */; };
		8401818518DE8D5D0067A902 /* Foundation.framework in Frameworks */ = {isa = PBXBuildFile; fileRef = 8401816418DE8D5D0067A902 /* Foundation.framework */; };
		8401818618DE8D5D0067A902 /* UIKit.framework in Frameworks */ = {isa = PBXBuildFile; fileRef = 8401816818DE8D5D0067A902 /* UIKit.framework */; };
		8401818E18DE8D5D0067A902 /* InfoPlist.strings in Resources */ = {isa = PBXBuildFile; fileRef = 8401818C18DE8D5D0067A902 /* InfoPlist.strings */; };
		8401819018DE8D5D0067A902 /* NewsTests.m in Sources */ = {isa = PBXBuildFile; fileRef = 8401818F18DE8D5D0067A902 /* NewsTests.m */; };
		8401819B18DE98DE0067A902 /* ImageCell.m in Sources */ = {isa = PBXBuildFile; fileRef = 8401819A18DE98DE0067A902 /* ImageCell.m */; };
		8421453418DEAA93005ABE22 /* DetailViewController.m in Sources */ = {isa = PBXBuildFile; fileRef = 8421453318DEAA93005ABE22 /* DetailViewController.m */; };
		84553B0418DFFC3A00D5F7A7 /* AFHTTPRequestOperation.m in Sources */ = {isa = PBXBuildFile; fileRef = 84553AED18DFFC3A00D5F7A7 /* AFHTTPRequestOperation.m */; };
		84553B0518DFFC3A00D5F7A7 /* AFHTTPRequestOperationManager.m in Sources */ = {isa = PBXBuildFile; fileRef = 84553AEF18DFFC3A00D5F7A7 /* AFHTTPRequestOperationManager.m */; };
		84553B0618DFFC3A00D5F7A7 /* AFHTTPSessionManager.m in Sources */ = {isa = PBXBuildFile; fileRef = 84553AF118DFFC3A00D5F7A7 /* AFHTTPSessionManager.m */; };
		84553B0718DFFC3A00D5F7A7 /* AFNetworkReachabilityManager.m in Sources */ = {isa = PBXBuildFile; fileRef = 84553AF418DFFC3A00D5F7A7 /* AFNetworkReachabilityManager.m */; };
		84553B0818DFFC3A00D5F7A7 /* AFSecurityPolicy.m in Sources */ = {isa = PBXBuildFile; fileRef = 84553AF618DFFC3A00D5F7A7 /* AFSecurityPolicy.m */; };
		84553B0918DFFC3A00D5F7A7 /* AFURLConnectionOperation.m in Sources */ = {isa = PBXBuildFile; fileRef = 84553AF818DFFC3A00D5F7A7 /* AFURLConnectionOperation.m */; };
		84553B0A18DFFC3A00D5F7A7 /* AFURLRequestSerialization.m in Sources */ = {isa = PBXBuildFile; fileRef = 84553AFA18DFFC3A00D5F7A7 /* AFURLRequestSerialization.m */; };
		84553B0B18DFFC3A00D5F7A7 /* AFURLResponseSerialization.m in Sources */ = {isa = PBXBuildFile; fileRef = 84553AFC18DFFC3A00D5F7A7 /* AFURLResponseSerialization.m */; };
		84553B0C18DFFC3A00D5F7A7 /* AFURLSessionManager.m in Sources */ = {isa = PBXBuildFile; fileRef = 84553AFE18DFFC3A00D5F7A7 /* AFURLSessionManager.m */; };
		84553B0D18DFFC3A00D5F7A7 /* RSSItem.m in Sources */ = {isa = PBXBuildFile; fileRef = 84553B0118DFFC3A00D5F7A7 /* RSSItem.m */; };
		84553B0E18DFFC3A00D5F7A7 /* RSSParser.m in Sources */ = {isa = PBXBuildFile; fileRef = 84553B0318DFFC3A00D5F7A7 /* RSSParser.m */; };
		84553B1118E003BE00D5F7A7 /* UIImageView+AFNetworking.m in Sources */ = {isa = PBXBuildFile; fileRef = 84553B1018E003BE00D5F7A7 /* UIImageView+AFNetworking.m */; };
		84553B1418E00CCD00D5F7A7 /* WebViewController.m in Sources */ = {isa = PBXBuildFile; fileRef = 84553B1318E00CCD00D5F7A7 /* WebViewController.m */; };
/* End PBXBuildFile section */

/* Begin PBXContainerItemProxy section */
		8401818718DE8D5D0067A902 /* PBXContainerItemProxy */ = {
			isa = PBXContainerItemProxy;
			containerPortal = 8401815918DE8D5D0067A902 /* Project object */;
			proxyType = 1;
			remoteGlobalIDString = 8401816018DE8D5D0067A902;
			remoteInfo = News;
		};
/* End PBXContainerItemProxy section */

/* Begin PBXFileReference section */
		8401816118DE8D5D0067A902 /* News.app */ = {isa = PBXFileReference; explicitFileType = wrapper.application; includeInIndex = 0; path = News.app; sourceTree = BUILT_PRODUCTS_DIR; };
		8401816418DE8D5D0067A902 /* Foundation.framework */ = {isa = PBXFileReference; lastKnownFileType = wrapper.framework; name = Foundation.framework; path = System/Library/Frameworks/Foundation.framework; sourceTree = SDKROOT; };
		8401816618DE8D5D0067A902 /* CoreGraphics.framework */ = {isa = PBXFileReference; lastKnownFileType = wrapper.framework; name = CoreGraphics.framework; path = System/Library/Frameworks/CoreGraphics.framework; sourceTree = SDKROOT; };
		8401816818DE8D5D0067A902 /* UIKit.framework */ = {isa = PBXFileReference; lastKnownFileType = wrapper.framework; name = UIKit.framework; path = System/Library/Frameworks/UIKit.framework; sourceTree = SDKROOT; };
		8401816C18DE8D5D0067A902 /* News-Info.plist */ = {isa = PBXFileReference; lastKnownFileType = text.plist.xml; path = "News-Info.plist"; sourceTree = "<group>"; };
		8401816E18DE8D5D0067A902 /* en */ = {isa = PBXFileReference; lastKnownFileType = text.plist.strings; name = en; path = en.lproj/InfoPlist.strings; sourceTree = "<group>"; };
		8401817018DE8D5D0067A902 /* main.m */ = {isa = PBXFileReference; lastKnownFileType = sourcecode.c.objc; path = main.m; sourceTree = "<group>"; };
		8401817218DE8D5D0067A902 /* News-Prefix.pch */ = {isa = PBXFileReference; lastKnownFileType = sourcecode.c.h; path = "News-Prefix.pch"; sourceTree = "<group>"; };
		8401817318DE8D5D0067A902 /* AppDelegate.h */ = {isa = PBXFileReference; lastKnownFileType = sourcecode.c.h; path = AppDelegate.h; sourceTree = "<group>"; };
		8401817418DE8D5D0067A902 /* AppDelegate.m */ = {isa = PBXFileReference; lastKnownFileType = sourcecode.c.objc; path = AppDelegate.m; sourceTree = "<group>"; };
		8401817718DE8D5D0067A902 /* Base */ = {isa = PBXFileReference; lastKnownFileType = file.storyboard; name = Base; path = Base.lproj/Main.storyboard; sourceTree = "<group>"; };
		8401817918DE8D5D0067A902 /* ViewController.h */ = {isa = PBXFileReference; lastKnownFileType = sourcecode.c.h; path = ViewController.h; sourceTree = "<group>"; };
		8401817A18DE8D5D0067A902 /* ViewController.m */ = {isa = PBXFileReference; lastKnownFileType = sourcecode.c.objc; path = ViewController.m; sourceTree = "<group>"; };
		8401817C18DE8D5D0067A902 /* Images.xcassets */ = {isa = PBXFileReference; lastKnownFileType = folder.assetcatalog; path = Images.xcassets; sourceTree = "<group>"; };
		8401818218DE8D5D0067A902 /* NewsTests.xctest */ = {isa = PBXFileReference; explicitFileType = wrapper.cfbundle; includeInIndex = 0; path = NewsTests.xctest; sourceTree = BUILT_PRODUCTS_DIR; };
		8401818318DE8D5D0067A902 /* XCTest.framework */ = {isa = PBXFileReference; lastKnownFileType = wrapper.framework; name = XCTest.framework; path = Library/Frameworks/XCTest.framework; sourceTree = DEVELOPER_DIR; };
		8401818B18DE8D5D0067A902 /* NewsTests-Info.plist */ = {isa = PBXFileReference; lastKnownFileType = text.plist.xml; path = "NewsTests-Info.plist"; sourceTree = "<group>"; };
		8401818D18DE8D5D0067A902 /* en */ = {isa = PBXFileReference; lastKnownFileType = text.plist.strings; name = en; path = en.lproj/InfoPlist.strings; sourceTree = "<group>"; };
		8401818F18DE8D5D0067A902 /* NewsTests.m */ = {isa = PBXFileReference; lastKnownFileType = sourcecode.c.objc; path = NewsTests.m; sourceTree = "<group>"; };
		8401819918DE98DE0067A902 /* ImageCell.h */ = {isa = PBXFileReference; fileEncoding = 4; lastKnownFileType = sourcecode.c.h; path = ImageCell.h; sourceTree = "<group>"; };
		8401819A18DE98DE0067A902 /* ImageCell.m */ = {isa = PBXFileReference; fileEncoding = 4; lastKnownFileType = sourcecode.c.objc; path = ImageCell.m; sourceTree = "<group>"; };
		8421453218DEAA93005ABE22 /* DetailViewController.h */ = {isa = PBXFileReference; fileEncoding = 4; lastKnownFileType = sourcecode.c.h; path = DetailViewController.h; sourceTree = "<group>"; };
		8421453318DEAA93005ABE22 /* DetailViewController.m */ = {isa = PBXFileReference; fileEncoding = 4; lastKnownFileType = sourcecode.c.objc; path = DetailViewController.m; sourceTree = "<group>"; };
		84553AEC18DFFC3A00D5F7A7 /* AFHTTPRequestOperation.h */ = {isa = PBXFileReference; fileEncoding = 4; lastKnownFileType = sourcecode.c.h; path = AFHTTPRequestOperation.h; sourceTree = "<group>"; };
		84553AED18DFFC3A00D5F7A7 /* AFHTTPRequestOperation.m */ = {isa = PBXFileReference; fileEncoding = 4; lastKnownFileType = sourcecode.c.objc; path = AFHTTPRequestOperation.m; sourceTree = "<group>"; };
		84553AEE18DFFC3A00D5F7A7 /* AFHTTPRequestOperationManager.h */ = {isa = PBXFileReference; fileEncoding = 4; lastKnownFileType = sourcecode.c.h; path = AFHTTPRequestOperationManager.h; sourceTree = "<group>"; };
		84553AEF18DFFC3A00D5F7A7 /* AFHTTPRequestOperationManager.m */ = {isa = PBXFileReference; fileEncoding = 4; lastKnownFileType = sourcecode.c.objc; path = AFHTTPRequestOperationManager.m; sourceTree = "<group>"; };
		84553AF018DFFC3A00D5F7A7 /* AFHTTPSessionManager.h */ = {isa = PBXFileReference; fileEncoding = 4; lastKnownFileType = sourcecode.c.h; path = AFHTTPSessionManager.h; sourceTree = "<group>"; };
		84553AF118DFFC3A00D5F7A7 /* AFHTTPSessionManager.m */ = {isa = PBXFileReference; fileEncoding = 4; lastKnownFileType = sourcecode.c.objc; path = AFHTTPSessionManager.m; sourceTree = "<group>"; };
		84553AF218DFFC3A00D5F7A7 /* AFNetworking.h */ = {isa = PBXFileReference; fileEncoding = 4; lastKnownFileType = sourcecode.c.h; path = AFNetworking.h; sourceTree = "<group>"; };
		84553AF318DFFC3A00D5F7A7 /* AFNetworkReachabilityManager.h */ = {isa = PBXFileReference; fileEncoding = 4; lastKnownFileType = sourcecode.c.h; path = AFNetworkReachabilityManager.h; sourceTree = "<group>"; };
		84553AF418DFFC3A00D5F7A7 /* AFNetworkReachabilityManager.m */ = {isa = PBXFileReference; fileEncoding = 4; lastKnownFileType = sourcecode.c.objc; path = AFNetworkReachabilityManager.m; sourceTree = "<group>"; };
		84553AF518DFFC3A00D5F7A7 /* AFSecurityPolicy.h */ = {isa = PBXFileReference; fileEncoding = 4; lastKnownFileType = sourcecode.c.h; path = AFSecurityPolicy.h; sourceTree = "<group>"; };
		84553AF618DFFC3A00D5F7A7 /* AFSecurityPolicy.m */ = {isa = PBXFileReference; fileEncoding = 4; lastKnownFileType = sourcecode.c.objc; path = AFSecurityPolicy.m; sourceTree = "<group>"; };
		84553AF718DFFC3A00D5F7A7 /* AFURLConnectionOperation.h */ = {isa = PBXFileReference; fileEncoding = 4; lastKnownFileType = sourcecode.c.h; path = AFURLConnectionOperation.h; sourceTree = "<group>"; };
		84553AF818DFFC3A00D5F7A7 /* AFURLConnectionOperation.m */ = {isa = PBXFileReference; fileEncoding = 4; lastKnownFileType = sourcecode.c.objc; path = AFURLConnectionOperation.m; sourceTree = "<group>"; };
		84553AF918DFFC3A00D5F7A7 /* AFURLRequestSerialization.h */ = {isa = PBXFileReference; fileEncoding = 4; lastKnownFileType = sourcecode.c.h; path = AFURLRequestSerialization.h; sourceTree = "<group>"; };
		84553AFA18DFFC3A00D5F7A7 /* AFURLRequestSerialization.m */ = {isa = PBXFileReference; fileEncoding = 4; lastKnownFileType = sourcecode.c.objc; path = AFURLRequestSerialization.m; sourceTree = "<group>"; };
		84553AFB18DFFC3A00D5F7A7 /* AFURLResponseSerialization.h */ = {isa = PBXFileReference; fileEncoding = 4; lastKnownFileType = sourcecode.c.h; path = AFURLResponseSerialization.h; sourceTree = "<group>"; };
		84553AFC18DFFC3A00D5F7A7 /* AFURLResponseSerialization.m */ = {isa = PBXFileReference; fileEncoding = 4; lastKnownFileType = sourcecode.c.objc; path = AFURLResponseSerialization.m; sourceTree = "<group>"; };
		84553AFD18DFFC3A00D5F7A7 /* AFURLSessionManager.h */ = {isa = PBXFileReference; fileEncoding = 4; lastKnownFileType = sourcecode.c.h; path = AFURLSessionManager.h; sourceTree = "<group>"; };
		84553AFE18DFFC3A00D5F7A7 /* AFURLSessionManager.m */ = {isa = PBXFileReference; fileEncoding = 4; lastKnownFileType = sourcecode.c.objc; path = AFURLSessionManager.m; sourceTree = "<group>"; };
		84553B0018DFFC3A00D5F7A7 /* RSSItem.h */ = {isa = PBXFileReference; fileEncoding = 4; lastKnownFileType = sourcecode.c.h; path = RSSItem.h; sourceTree = "<group>"; };
		84553B0118DFFC3A00D5F7A7 /* RSSItem.m */ = {isa = PBXFileReference; fileEncoding = 4; lastKnownFileType = sourcecode.c.objc; path = RSSItem.m; sourceTree = "<group>"; };
		84553B0218DFFC3A00D5F7A7 /* RSSParser.h */ = {isa = PBXFileReference; fileEncoding = 4; lastKnownFileType = sourcecode.c.h; path = RSSParser.h; sourceTree = "<group>"; };
		84553B0318DFFC3A00D5F7A7 /* RSSParser.m */ = {isa = PBXFileReference; fileEncoding = 4; lastKnownFileType = sourcecode.c.objc; path = RSSParser.m; sourceTree = "<group>"; };
		84553B0F18E003BE00D5F7A7 /* UIImageView+AFNetworking.h */ = {isa = PBXFileReference; fileEncoding = 4; lastKnownFileType = sourcecode.c.h; path = "UIImageView+AFNetworking.h"; sourceTree = "<group>"; };
		84553B1018E003BE00D5F7A7 /* UIImageView+AFNetworking.m */ = {isa = PBXFileReference; fileEncoding = 4; lastKnownFileType = sourcecode.c.objc; path = "UIImageView+AFNetworking.m"; sourceTree = "<group>"; };
		84553B1218E00CCD00D5F7A7 /* WebViewController.h */ = {isa = PBXFileReference; fileEncoding = 4; lastKnownFileType = sourcecode.c.h; path = WebViewController.h; sourceTree = "<group>"; };
		84553B1318E00CCD00D5F7A7 /* WebViewController.m */ = {isa = PBXFileReference; fileEncoding = 4; lastKnownFileType = sourcecode.c.objc; path = WebViewController.m; sourceTree = "<group>"; };
/* End PBXFileReference section */

/* Begin PBXFrameworksBuildPhase section */
		8401815E18DE8D5D0067A902 /* Frameworks */ = {
			isa = PBXFrameworksBuildPhase;
			buildActionMask = 2147483647;
			files = (
				8401816718DE8D5D0067A902 /* CoreGraphics.framework in Frameworks */,
				8401816918DE8D5D0067A902 /* UIKit.framework in Frameworks */,
				8401816518DE8D5D0067A902 /* Foundation.framework in Frameworks */,
			);
			runOnlyForDeploymentPostprocessing = 0;
		};
		8401817F18DE8D5D0067A902 /* Frameworks */ = {
			isa = PBXFrameworksBuildPhase;
			buildActionMask = 2147483647;
			files = (
				8401818418DE8D5D0067A902 /* XCTest.framework in Frameworks */,
				8401818618DE8D5D0067A902 /* UIKit.framework in Frameworks */,
				8401818518DE8D5D0067A902 /* Foundation.framework in Frameworks */,
			);
			runOnlyForDeploymentPostprocessing = 0;
		};
/* End PBXFrameworksBuildPhase section */

/* Begin PBXGroup section */
		8401815818DE8D5D0067A902 = {
			isa = PBXGroup;
			children = (
				8401816A18DE8D5D0067A902 /* News */,
				8401818918DE8D5D0067A902 /* NewsTests */,
				8401816318DE8D5D0067A902 /* Frameworks */,
				8401816218DE8D5D0067A902 /* Products */,
			);
			sourceTree = "<group>";
		};
		8401816218DE8D5D0067A902 /* Products */ = {
			isa = PBXGroup;
			children = (
				8401816118DE8D5D0067A902 /* News.app */,
				8401818218DE8D5D0067A902 /* NewsTests.xctest */,
			);
			name = Products;
			sourceTree = "<group>";
		};
		8401816318DE8D5D0067A902 /* Frameworks */ = {
			isa = PBXGroup;
			children = (
				84553AEA18DFFC3A00D5F7A7 /* Libraries */,
				8401816418DE8D5D0067A902 /* Foundation.framework */,
				8401816618DE8D5D0067A902 /* CoreGraphics.framework */,
				8401816818DE8D5D0067A902 /* UIKit.framework */,
				8401818318DE8D5D0067A902 /* XCTest.framework */,
			);
			name = Frameworks;
			sourceTree = "<group>";
		};
		8401816A18DE8D5D0067A902 /* News */ = {
			isa = PBXGroup;
			children = (
				8401817318DE8D5D0067A902 /* AppDelegate.h */,
				8401817418DE8D5D0067A902 /* AppDelegate.m */,
				8401817618DE8D5D0067A902 /* Main.storyboard */,
				84553B1218E00CCD00D5F7A7 /* WebViewController.h */,
				84553B1318E00CCD00D5F7A7 /* WebViewController.m */,
				8421453218DEAA93005ABE22 /* DetailViewController.h */,
				8421453318DEAA93005ABE22 /* DetailViewController.m */,
				8401817918DE8D5D0067A902 /* ViewController.h */,
				8401817A18DE8D5D0067A902 /* ViewController.m */,
				8401819918DE98DE0067A902 /* ImageCell.h */,
				8401819A18DE98DE0067A902 /* ImageCell.m */,
				8401819F18DE9F650067A902 /* Resources */,
				8401817C18DE8D5D0067A902 /* Images.xcassets */,
				8401816B18DE8D5D0067A902 /* Supporting Files */,
			);
			path = News;
			sourceTree = "<group>";
		};
		8401816B18DE8D5D0067A902 /* Supporting Files */ = {
			isa = PBXGroup;
			children = (
				8401816C18DE8D5D0067A902 /* News-Info.plist */,
				8401816D18DE8D5D0067A902 /* InfoPlist.strings */,
				8401817018DE8D5D0067A902 /* main.m */,
				8401817218DE8D5D0067A902 /* News-Prefix.pch */,
			);
			name = "Supporting Files";
			sourceTree = "<group>";
		};
		8401818918DE8D5D0067A902 /* NewsTests */ = {
			isa = PBXGroup;
			children = (
				8401818F18DE8D5D0067A902 /* NewsTests.m */,
				8401818A18DE8D5D0067A902 /* Supporting Files */,
			);
			path = NewsTests;
			sourceTree = "<group>";
		};
		8401818A18DE8D5D0067A902 /* Supporting Files */ = {
			isa = PBXGroup;
			children = (
				8401818B18DE8D5D0067A902 /* NewsTests-Info.plist */,
				8401818C18DE8D5D0067A902 /* InfoPlist.strings */,
			);
			name = "Supporting Files";
			sourceTree = "<group>";
		};
		8401819F18DE9F650067A902 /* Resources */ = {
			isa = PBXGroup;
			children = (
			);
			path = Resources;
			sourceTree = "<group>";
		};
		84553AEA18DFFC3A00D5F7A7 /* Libraries */ = {
			isa = PBXGroup;
			children = (
				84553AEB18DFFC3A00D5F7A7 /* AFNetworking */,
				84553AFF18DFFC3A00D5F7A7 /* RSSParser */,
			);
			path = Libraries;
			sourceTree = "<group>";
		};
		84553AEB18DFFC3A00D5F7A7 /* AFNetworking */ = {
			isa = PBXGroup;
			children = (
				84553B0F18E003BE00D5F7A7 /* UIImageView+AFNetworking.h */,
				84553B1018E003BE00D5F7A7 /* UIImageView+AFNetworking.m */,
				84553AEC18DFFC3A00D5F7A7 /* AFHTTPRequestOperation.h */,
				84553AED18DFFC3A00D5F7A7 /* AFHTTPRequestOperation.m */,
				84553AEE18DFFC3A00D5F7A7 /* AFHTTPRequestOperationManager.h */,
				84553AEF18DFFC3A00D5F7A7 /* AFHTTPRequestOperationManager.m */,
				84553AF018DFFC3A00D5F7A7 /* AFHTTPSessionManager.h */,
				84553AF118DFFC3A00D5F7A7 /* AFHTTPSessionManager.m */,
				84553AF218DFFC3A00D5F7A7 /* AFNetworking.h */,
				84553AF318DFFC3A00D5F7A7 /* AFNetworkReachabilityManager.h */,
				84553AF418DFFC3A00D5F7A7 /* AFNetworkReachabilityManager.m */,
				84553AF518DFFC3A00D5F7A7 /* AFSecurityPolicy.h */,
				84553AF618DFFC3A00D5F7A7 /* AFSecurityPolicy.m */,
				84553AF718DFFC3A00D5F7A7 /* AFURLConnectionOperation.h */,
				84553AF818DFFC3A00D5F7A7 /* AFURLConnectionOperation.m */,
				84553AF918DFFC3A00D5F7A7 /* AFURLRequestSerialization.h */,
				84553AFA18DFFC3A00D5F7A7 /* AFURLRequestSerialization.m */,
				84553AFB18DFFC3A00D5F7A7 /* AFURLResponseSerialization.h */,
				84553AFC18DFFC3A00D5F7A7 /* AFURLResponseSerialization.m */,
				84553AFD18DFFC3A00D5F7A7 /* AFURLSessionManager.h */,
				84553AFE18DFFC3A00D5F7A7 /* AFURLSessionManager.m */,
			);
			path = AFNetworking;
			sourceTree = "<group>";
		};
		84553AFF18DFFC3A00D5F7A7 /* RSSParser */ = {
			isa = PBXGroup;
			children = (
				84553B0018DFFC3A00D5F7A7 /* RSSItem.h */,
				84553B0118DFFC3A00D5F7A7 /* RSSItem.m */,
				84553B0218DFFC3A00D5F7A7 /* RSSParser.h */,
				84553B0318DFFC3A00D5F7A7 /* RSSParser.m */,
			);
			path = RSSParser;
			sourceTree = "<group>";
		};
/* End PBXGroup section */

/* Begin PBXNativeTarget section */
		8401816018DE8D5D0067A902 /* News */ = {
			isa = PBXNativeTarget;
			buildConfigurationList = 8401819318DE8D5D0067A902 /* Build configuration list for PBXNativeTarget "News" */;
			buildPhases = (
				8401815D18DE8D5D0067A902 /* Sources */,
				8401815E18DE8D5D0067A902 /* Frameworks */,
				8401815F18DE8D5D0067A902 /* Resources */,
			);
			buildRules = (
			);
			dependencies = (
			);
			name = News;
			productName = News;
			productReference = 8401816118DE8D5D0067A902 /* News.app */;
			productType = "com.apple.product-type.application";
		};
		8401818118DE8D5D0067A902 /* NewsTests */ = {
			isa = PBXNativeTarget;
			buildConfigurationList = 8401819618DE8D5D0067A902 /* Build configuration list for PBXNativeTarget "NewsTests" */;
			buildPhases = (
				8401817E18DE8D5D0067A902 /* Sources */,
				8401817F18DE8D5D0067A902 /* Frameworks */,
				8401818018DE8D5D0067A902 /* Resources */,
			);
			buildRules = (
			);
			dependencies = (
				8401818818DE8D5D0067A902 /* PBXTargetDependency */,
			);
			name = NewsTests;
			productName = NewsTests;
			productReference = 8401818218DE8D5D0067A902 /* NewsTests.xctest */;
			productType = "com.apple.product-type.bundle.unit-test";
		};
/* End PBXNativeTarget section */

/* Begin PBXProject section */
		8401815918DE8D5D0067A902 /* Project object */ = {
			isa = PBXProject;
			attributes = {
				LastUpgradeCheck = 0510;
				ORGANIZATIONNAME = Willrock;
				TargetAttributes = {
					8401818118DE8D5D0067A902 = {
						TestTargetID = 8401816018DE8D5D0067A902;
					};
				};
			};
			buildConfigurationList = 8401815C18DE8D5D0067A902 /* Build configuration list for PBXProject "News" */;
			compatibilityVersion = "Xcode 3.2";
			developmentRegion = English;
			hasScannedForEncodings = 0;
			knownRegions = (
				en,
				Base,
			);
			mainGroup = 8401815818DE8D5D0067A902;
			productRefGroup = 8401816218DE8D5D0067A902 /* Products */;
			projectDirPath = "";
			projectRoot = "";
			targets = (
				8401816018DE8D5D0067A902 /* News */,
				8401818118DE8D5D0067A902 /* NewsTests */,
			);
		};
/* End PBXProject section */

/* Begin PBXResourcesBuildPhase section */
		8401815F18DE8D5D0067A902 /* Resources */ = {
			isa = PBXResourcesBuildPhase;
			buildActionMask = 2147483647;
			files = (
				8401817D18DE8D5D0067A902 /* Images.xcassets in Resources */,
				8401816F18DE8D5D0067A902 /* InfoPlist.strings in Resources */,
				8401817818DE8D5D0067A902 /* Main.storyboard in Resources */,
			);
			runOnlyForDeploymentPostprocessing = 0;
		};
		8401818018DE8D5D0067A902 /* Resources */ = {
			isa = PBXResourcesBuildPhase;
			buildActionMask = 2147483647;
			files = (
				8401818E18DE8D5D0067A902 /* InfoPlist.strings in Resources */,
			);
			runOnlyForDeploymentPostprocessing = 0;
		};
/* End PBXResourcesBuildPhase section */

/* Begin PBXSourcesBuildPhase section */
		8401815D18DE8D5D0067A902 /* Sources */ = {
			isa = PBXSourcesBuildPhase;
			buildActionMask = 2147483647;
			files = (
				84553B0C18DFFC3A00D5F7A7 /* AFURLSessionManager.m in Sources */,
				84553B1118E003BE00D5F7A7 /* UIImageView+AFNetworking.m in Sources */,
				84553B0E18DFFC3A00D5F7A7 /* RSSParser.m in Sources */,
				8401817B18DE8D5D0067A902 /* ViewController.m in Sources */,
				8401819B18DE98DE0067A902 /* ImageCell.m in Sources */,
				84553B0718DFFC3A00D5F7A7 /* AFNetworkReachabilityManager.m in Sources */,
				8401817518DE8D5D0067A902 /* AppDelegate.m in Sources */,
				84553B0918DFFC3A00D5F7A7 /* AFURLConnectionOperation.m in Sources */,
				84553B0618DFFC3A00D5F7A7 /* AFHTTPSessionManager.m in Sources */,
				84553B0A18DFFC3A00D5F7A7 /* AFURLRequestSerialization.m in Sources */,
				8401817118DE8D5D0067A902 /* main.m in Sources */,
				8421453418DEAA93005ABE22 /* DetailViewController.m in Sources */,
				84553B0D18DFFC3A00D5F7A7 /* RSSItem.m in Sources */,
				84553B1418E00CCD00D5F7A7 /* WebViewController.m in Sources */,
				84553B0518DFFC3A00D5F7A7 /* AFHTTPRequestOperationManager.m in Sources */,
				84553B0818DFFC3A00D5F7A7 /* AFSecurityPolicy.m in Sources */,
				84553B0B18DFFC3A00D5F7A7 /* AFURLResponseSerialization.m in Sources */,
				84553B0418DFFC3A00D5F7A7 /* AFHTTPRequestOperation.m in Sources */,
			);
			runOnlyForDeploymentPostprocessing = 0;
		};
		8401817E18DE8D5D0067A902 /* Sources */ = {
			isa = PBXSourcesBuildPhase;
			buildActionMask = 2147483647;
			files = (
				8401819018DE8D5D0067A902 /* NewsTests.m in Sources */,
			);
			runOnlyForDeploymentPostprocessing = 0;
		};
/* End PBXSourcesBuildPhase section */

/* Begin PBXTargetDependency section */
		8401818818DE8D5D0067A902 /* PBXTargetDependency */ = {
			isa = PBXTargetDependency;
			target = 8401816018DE8D5D0067A902 /* News */;
			targetProxy = 8401818718DE8D5D0067A902 /* PBXContainerItemProxy */;
		};
/* End PBXTargetDependency section */

/* Begin PBXVariantGroup section */
		8401816D18DE8D5D0067A902 /* InfoPlist.strings */ = {
			isa = PBXVariantGroup;
			children = (
				8401816E18DE8D5D0067A902 /* en */,
			);
			name = InfoPlist.strings;
			sourceTree = "<group>";
		};
		8401817618DE8D5D0067A902 /* Main.storyboard */ = {
			isa = PBXVariantGroup;
			children = (
				8401817718DE8D5D0067A902 /* Base */,
			);
			name = Main.storyboard;
			sourceTree = "<group>";
		};
		8401818C18DE8D5D0067A902 /* InfoPlist.strings */ = {
			isa = PBXVariantGroup;
			children = (
				8401818D18DE8D5D0067A902 /* en */,
			);
			name = InfoPlist.strings;
			sourceTree = "<group>";
		};
/* End PBXVariantGroup section */

/* Begin XCBuildConfiguration section */
		8401819118DE8D5D0067A902 /* Debug */ = {
			isa = XCBuildConfiguration;
			buildSettings = {
				ALWAYS_SEARCH_USER_PATHS = NO;
				CLANG_CXX_LANGUAGE_STANDARD = "gnu++0x";
				CLANG_CXX_LIBRARY = "libc++";
				CLANG_ENABLE_MODULES = YES;
				CLANG_ENABLE_OBJC_ARC = YES;
				CLANG_WARN_BOOL_CONVERSION = YES;
				CLANG_WARN_CONSTANT_CONVERSION = YES;
				CLANG_WARN_DIRECT_OBJC_ISA_USAGE = YES_ERROR;
				CLANG_WARN_EMPTY_BODY = YES;
				CLANG_WARN_ENUM_CONVERSION = YES;
				CLANG_WARN_INT_CONVERSION = YES;
				CLANG_WARN_OBJC_ROOT_CLASS = YES_ERROR;
				CLANG_WARN__DUPLICATE_METHOD_MATCH = YES;
				"CODE_SIGN_IDENTITY[sdk=iphoneos*]" = "iPhone Developer";
				COPY_PHASE_STRIP = NO;
				GCC_C_LANGUAGE_STANDARD = gnu99;
				GCC_DYNAMIC_NO_PIC = NO;
				GCC_OPTIMIZATION_LEVEL = 0;
				GCC_PREPROCESSOR_DEFINITIONS = (
					"DEBUG=1",
					"$(inherited)",
				);
				GCC_SYMBOLS_PRIVATE_EXTERN = NO;
				GCC_WARN_64_TO_32_BIT_CONVERSION = YES;
				GCC_WARN_ABOUT_RETURN_TYPE = YES_ERROR;
				GCC_WARN_UNDECLARED_SELECTOR = YES;
				GCC_WARN_UNINITIALIZED_AUTOS = YES_AGGRESSIVE;
				GCC_WARN_UNUSED_FUNCTION = YES;
				GCC_WARN_UNUSED_VARIABLE = YES;
				IPHONEOS_DEPLOYMENT_TARGET = 7.1;
				ONLY_ACTIVE_ARCH = YES;
				SDKROOT = iphoneos;
			};
			name = Debug;
		};
		8401819218DE8D5D0067A902 /* Release */ = {
			isa = XCBuildConfiguration;
			buildSettings = {
				ALWAYS_SEARCH_USER_PATHS = NO;
				CLANG_CXX_LANGUAGE_STANDARD = "gnu++0x";
				CLANG_CXX_LIBRARY = "libc++";
				CLANG_ENABLE_MODULES = YES;
				CLANG_ENABLE_OBJC_ARC = YES;
				CLANG_WARN_BOOL_CONVERSION = YES;
				CLANG_WARN_CONSTANT_CONVERSION = YES;
				CLANG_WARN_DIRECT_OBJC_ISA_USAGE = YES_ERROR;
				CLANG_WARN_EMPTY_BODY = YES;
				CLANG_WARN_ENUM_CONVERSION = YES;
				CLANG_WARN_INT_CONVERSION = YES;
				CLANG_WARN_OBJC_ROOT_CLASS = YES_ERROR;
				CLANG_WARN__DUPLICATE_METHOD_MATCH = YES;
				"CODE_SIGN_IDENTITY[sdk=iphoneos*]" = "iPhone Developer";
				COPY_PHASE_STRIP = YES;
				ENABLE_NS_ASSERTIONS = NO;
				GCC_C_LANGUAGE_STANDARD = gnu99;
				GCC_WARN_64_TO_32_BIT_CONVERSION = YES;
				GCC_WARN_ABOUT_RETURN_TYPE = YES_ERROR;
				GCC_WARN_UNDECLARED_SELECTOR = YES;
				GCC_WARN_UNINITIALIZED_AUTOS = YES_AGGRESSIVE;
				GCC_WARN_UNUSED_FUNCTION = YES;
				GCC_WARN_UNUSED_VARIABLE = YES;
				IPHONEOS_DEPLOYMENT_TARGET = 7.1;
				SDKROOT = iphoneos;
				VALIDATE_PRODUCT = YES;
			};
			name = Release;
		};
		8401819418DE8D5D0067A902 /* Debug */ = {
			isa = XCBuildConfiguration;
			buildSettings = {
				ASSETCATALOG_COMPILER_APPICON_NAME = AppIcon;
				ASSETCATALOG_COMPILER_LAUNCHIMAGE_NAME = LaunchImage;
				GCC_PRECOMPILE_PREFIX_HEADER = YES;
				GCC_PREFIX_HEADER = "News/News-Prefix.pch";
				INFOPLIST_FILE = "News/News-Info.plist";
				PRODUCT_NAME = "$(TARGET_NAME)";
				WRAPPER_EXTENSION = app;
			};
			name = Debug;
		};
		8401819518DE8D5D0067A902 /* Release */ = {
			isa = XCBuildConfiguration;
			buildSettings = {
				ASSETCATALOG_COMPILER_APPICON_NAME = AppIcon;
				ASSETCATALOG_COMPILER_LAUNCHIMAGE_NAME = LaunchImage;
				GCC_PRECOMPILE_PREFIX_HEADER = YES;
				GCC_PREFIX_HEADER = "News/News-Prefix.pch";
				INFOPLIST_FILE = "News/News-Info.plist";
				PRODUCT_NAME = "$(TARGET_NAME)";
				WRAPPER_EXTENSION = app;
			};
			name = Release;
		};
		8401819718DE8D5D0067A902 /* Debug */ = {
			isa = XCBuildConfiguration;
			buildSettings = {
				BUNDLE_LOADER = "$(BUILT_PRODUCTS_DIR)/News.app/News";
				FRAMEWORK_SEARCH_PATHS = (
					"$(SDKROOT)/Developer/Library/Frameworks",
					"$(inherited)",
					"$(DEVELOPER_FRAMEWORKS_DIR)",
				);
				GCC_PRECOMPILE_PREFIX_HEADER = YES;
				GCC_PREFIX_HEADER = "News/News-Prefix.pch";
				GCC_PREPROCESSOR_DEFINITIONS = (
					"DEBUG=1",
					"$(inherited)",
				);
				INFOPLIST_FILE = "NewsTests/NewsTests-Info.plist";
				PRODUCT_NAME = "$(TARGET_NAME)";
				TEST_HOST = "$(BUNDLE_LOADER)";
				WRAPPER_EXTENSION = xctest;
			};
			name = Debug;
		};
		8401819818DE8D5D0067A902 /* Release */ = {
			isa = XCBuildConfiguration;
			buildSettings = {
				BUNDLE_LOADER = "$(BUILT_PRODUCTS_DIR)/News.app/News";
				FRAMEWORK_SEARCH_PATHS = (
					"$(SDKROOT)/Developer/Library/Frameworks",
					"$(inherited)",
					"$(DEVELOPER_FRAMEWORKS_DIR)",
				);
				GCC_PRECOMPILE_PREFIX_HEADER = YES;
				GCC_PREFIX_HEADER = "News/News-Prefix.pch";
				INFOPLIST_FILE = "NewsTests/NewsTests-Info.plist";
				PRODUCT_NAME = "$(TARGET_NAME)";
				TEST_HOST = "$(BUNDLE_LOADER)";
				WRAPPER_EXTENSION = xctest;
			};
			name = Release;
		};
/* End XCBuildConfiguration section */

/* Begin XCConfigurationList section */
		8401815C18DE8D5D0067A902 /* Build configuration list for PBXProject "News" */ = {
			isa = XCConfigurationList;
			buildConfigurations = (
				8401819118DE8D5D0067A902 /* Debug */,
				8401819218DE8D5D0067A902 /* Release */,
			);
			defaultConfigurationIsVisible = 0;
			defaultConfigurationName = Release;
		};
		8401819318DE8D5D0067A902 /* Build configuration list for PBXNativeTarget "News" */ = {
			isa = XCConfigurationList;
			buildConfigurations = (
				8401819418DE8D5D0067A902 /* Debug */,
				8401819518DE8D5D0067A902 /* Release */,
			);
			defaultConfigurationIsVisible = 0;
			defaultConfigurationName = Release;
		};
		8401819618DE8D5D0067A902 /* Build configuration list for PBXNativeTarget "NewsTests" */ = {
			isa = XCConfigurationList;
			buildConfigurations = (
				8401819718DE8D5D0067A902 /* Debug */,
				8401819818DE8D5D0067A902 /* Release */,
			);
			defaultConfigurationIsVisible = 0;
			defaultConfigurationName = Release;
		};
/* End XCConfigurationList section */
	};
	rootObject = 8401815918DE8D5D0067A902 /* Project object */;
}
